
Microsoft Visual Studio Solution File, Format Version 12.00
# Visual Studio Version 17
VisualStudioVersion = 17.4.33110.190
MinimumVisualStudioVersion = 10.0.40219.1
Project("{888888A0-9F3D-457C-B088-3A5042F75D52}") = "Van der Pol equation", "Van der Pol equation.pyproj", "{AA7D2AFF-F6C1-4CED-94A1-4E0879A736F7}"
EndProject
Global
	GlobalSection(SolutionConfigurationPlatforms) = preSolution
		Debug|Any CPU = Debug|Any CPU
		Release|Any CPU = Release|Any CPU
	EndGlobalSection
	GlobalSection(ProjectConfigurationPlatforms) = postSolution
		{AA7D2AFF-F6C1-4CED-94A1-4E0879A736F7}.Debug|Any CPU.ActiveCfg = Debug|Any CPU
		{AA7D2AFF-F6C1-4CED-94A1-4E0879A736F7}.Release|Any CPU.ActiveCfg = Release|Any CPU
	EndGlobalSection
	GlobalSection(SolutionProperties) = preSolution
		HideSolutionNode = FALSE
	EndGlobalSection
	GlobalSection(ExtensibilityGlobals) = postSolution
		SolutionGuid = {E96C7CA8-197B-4A36-9A78-D957161B3A0E}
	EndGlobalSection
EndGlobal
